{
  "name": "arx-header-size",
  "version": "3.2.0",
  "lockfileVersion": 3,
  "requires": true,
  "packages": {
    "": {
      "name": "arx-header-size",
      "version": "3.2.0",
      "license": "MIT",
      "dependencies": {
        "minimist-lite": "^2.2.1"
      },
      "bin": {
        "arx-header-size": "bin/header-size.js"
      },
      "engines": {
        "node": ">=18.0.0",
        "npm": ">=8.0.0"
      }
    },
    "node_modules/minimist-lite": {
      "version": "2.2.1",
      "resolved": "https://registry.npmjs.org/minimist-lite/-/minimist-lite-2.2.1.tgz",
      "integrity": "sha512-RSrWIRWGYoM2TDe102s7aIyeSipXMIXKb1fSHYx1tAbxAV0z4g2xR6ra3oPzkTqFb0EIUz1H3A/qvYYeDd+/qQ=="
    }
  }
}
