{
  "name": "arx-header-size",
  "version": "0.6.0",
  "lockfileVersion": 2,
  "requires": true,
  "packages": {
    "": {
      "name": "arx-header-size",
      "version": "0.6.0",
      "license": "GPL-3.0-or-later",
      "dependencies": {
        "minimist-lite": "^2.0.0"
      },
      "bin": {
        "arx-header-size": "bin/header-size.js"
      }
    },
    "node_modules/minimist-lite": {
      "version": "2.0.0",
      "resolved": "https://registry.npmjs.org/minimist-lite/-/minimist-lite-2.0.0.tgz",
      "integrity": "sha512-CFCLKsA+khccQmiiYT3Rn+tWyHzTF00U1EzL+WcreAqx/4UScqW3Jl2/mWQnK+p/4VCt8ViZMnmoi7fFXZodGA=="
    }
  },
  "dependencies": {
    "minimist-lite": {
      "version": "2.0.0",
      "resolved": "https://registry.npmjs.org/minimist-lite/-/minimist-lite-2.0.0.tgz",
      "integrity": "sha512-CFCLKsA+khccQmiiYT3Rn+tWyHzTF00U1EzL+WcreAqx/4UScqW3Jl2/mWQnK+p/4VCt8ViZMnmoi7fFXZodGA=="
    }
  }
}
